
Microsoft Visual Studio Solution File, Format Version 12.00
# Visual Studio Version 17
VisualStudioVersion = 17.5.33209.295
MinimumVisualStudioVersion = 10.0.40219.1
Project("{FAE04EC0-301F-11D3-BF4B-00C04F79EFBC}") = "AwsS3Demo", "AwsS3Demo.csproj", "{15DD2531-2515-49DD-9770-9FF28D24C151}"
EndProject
Global
	GlobalSection(SolutionConfigurationPlatforms) = preSolution
		Debug|Any CPU = Debug|Any CPU
		Release|Any CPU = Release|Any CPU
	EndGlobalSection
	GlobalSection(ProjectConfigurationPlatforms) = postSolution
		{15DD2531-2515-49DD-9770-9FF28D24C151}.Debug|Any CPU.ActiveCfg = Debug|Any CPU
		{15DD2531-2515-49DD-9770-9FF28D24C151}.Debug|Any CPU.Build.0 = Debug|Any CPU
		{15DD2531-2515-49DD-9770-9FF28D24C151}.Release|Any CPU.ActiveCfg = Release|Any CPU
		{15DD2531-2515-49DD-9770-9FF28D24C151}.Release|Any CPU.Build.0 = Release|Any CPU
	EndGlobalSection
	GlobalSection(SolutionProperties) = preSolution
		HideSolutionNode = FALSE
	EndGlobalSection
	GlobalSection(ExtensibilityGlobals) = postSolution
		SolutionGuid = {394784CF-39A2-4642-8BCE-C7E2E58C2B85}
	EndGlobalSection
EndGlobal
