
Microsoft Visual Studio Solution File, Format Version 12.00
# Visual Studio Version 17
VisualStudioVersion = 17.5.33209.295
MinimumVisualStudioVersion = 10.0.40219.1
Project("{FAE04EC0-301F-11D3-BF4B-00C04F79EFBC}") = "HelloLambda", "HelloLambda\src\HelloLambda\HelloLambda.csproj", "{E72EEFA5-50F1-4B39-B561-1CBC3934CD62}"
EndProject
Global
	GlobalSection(SolutionConfigurationPlatforms) = preSolution
		Debug|Any CPU = Debug|Any CPU
		Release|Any CPU = Release|Any CPU
	EndGlobalSection
	GlobalSection(ProjectConfigurationPlatforms) = postSolution
		{E72EEFA5-50F1-4B39-B561-1CBC3934CD62}.Debug|Any CPU.ActiveCfg = Debug|Any CPU
		{E72EEFA5-50F1-4B39-B561-1CBC3934CD62}.Debug|Any CPU.Build.0 = Debug|Any CPU
		{E72EEFA5-50F1-4B39-B561-1CBC3934CD62}.Release|Any CPU.ActiveCfg = Release|Any CPU
		{E72EEFA5-50F1-4B39-B561-1CBC3934CD62}.Release|Any CPU.Build.0 = Release|Any CPU
	EndGlobalSection
	GlobalSection(SolutionProperties) = preSolution
		HideSolutionNode = FALSE
	EndGlobalSection
	GlobalSection(ExtensibilityGlobals) = postSolution
		SolutionGuid = {9B1F3D16-8CD2-4967-9D54-695F52533515}
	EndGlobalSection
EndGlobal
