
Microsoft Visual Studio Solution File, Format Version 12.00
# Visual Studio Version 17
VisualStudioVersion = 17.5.33209.295
MinimumVisualStudioVersion = 10.0.40219.1
Project("{9A19103F-16F7-4668-BE54-9A1E7A4F7556}") = "HelloLambda", "HelloLambda\HelloLambda.csproj", "{4378F739-8712-48AD-A5BA-82A2894F1E2E}"
EndProject
Project("{9A19103F-16F7-4668-BE54-9A1E7A4F7556}") = "StudentLambda", "StudentLambda\StudentLambda.csproj", "{9B326BCA-832B-46EE-90C6-DF334756EA14}"
EndProject
Project("{9A19103F-16F7-4668-BE54-9A1E7A4F7556}") = "AuthLambda", "AuthLambda\AuthLambda.csproj", "{03A1E7D4-5A8E-4F99-BBE9-4B216320C1EA}"
EndProject
Global
	GlobalSection(SolutionConfigurationPlatforms) = preSolution
		Debug|Any CPU = Debug|Any CPU
		Release|Any CPU = Release|Any CPU
	EndGlobalSection
	GlobalSection(ProjectConfigurationPlatforms) = postSolution
		{4378F739-8712-48AD-A5BA-82A2894F1E2E}.Debug|Any CPU.ActiveCfg = Debug|Any CPU
		{4378F739-8712-48AD-A5BA-82A2894F1E2E}.Debug|Any CPU.Build.0 = Debug|Any CPU
		{4378F739-8712-48AD-A5BA-82A2894F1E2E}.Release|Any CPU.ActiveCfg = Release|Any CPU
		{4378F739-8712-48AD-A5BA-82A2894F1E2E}.Release|Any CPU.Build.0 = Release|Any CPU
		{9B326BCA-832B-46EE-90C6-DF334756EA14}.Debug|Any CPU.ActiveCfg = Debug|Any CPU
		{9B326BCA-832B-46EE-90C6-DF334756EA14}.Debug|Any CPU.Build.0 = Debug|Any CPU
		{9B326BCA-832B-46EE-90C6-DF334756EA14}.Release|Any CPU.ActiveCfg = Release|Any CPU
		{9B326BCA-832B-46EE-90C6-DF334756EA14}.Release|Any CPU.Build.0 = Release|Any CPU
		{03A1E7D4-5A8E-4F99-BBE9-4B216320C1EA}.Debug|Any CPU.ActiveCfg = Debug|Any CPU
		{03A1E7D4-5A8E-4F99-BBE9-4B216320C1EA}.Debug|Any CPU.Build.0 = Debug|Any CPU
		{03A1E7D4-5A8E-4F99-BBE9-4B216320C1EA}.Release|Any CPU.ActiveCfg = Release|Any CPU
		{03A1E7D4-5A8E-4F99-BBE9-4B216320C1EA}.Release|Any CPU.Build.0 = Release|Any CPU
	EndGlobalSection
	GlobalSection(SolutionProperties) = preSolution
		HideSolutionNode = FALSE
	EndGlobalSection
	GlobalSection(ExtensibilityGlobals) = postSolution
		SolutionGuid = {352B38E5-77DB-4112-83EE-D8D5D5EAD49B}
	EndGlobalSection
EndGlobal
