
Microsoft Visual Studio Solution File, Format Version 12.00
# Visual Studio Version 17
VisualStudioVersion = 17.5.33209.295
MinimumVisualStudioVersion = 10.0.40219.1
Project("{FAE04EC0-301F-11D3-BF4B-00C04F79EFBC}") = "VerySimpleAPI", "VerySimpleAPI\VerySimpleAPI.csproj", "{A48F75C0-677A-4295-B313-61137B8E4223}"
EndProject
Project("{2150E333-8FDC-42A3-9474-1A3956D46DE8}") = "_docs", "_docs", "{AB575772-D436-4272-A6EB-11CF1A89D4FE}"
	ProjectSection(SolutionItems) = preProject
		DeployingTheAWSLambdaWithCLI.md = DeployingTheAWSLambdaWithCLI.md
	EndProjectSection
EndProject
Global
	GlobalSection(SolutionConfigurationPlatforms) = preSolution
		Debug|Any CPU = Debug|Any CPU
		Release|Any CPU = Release|Any CPU
	EndGlobalSection
	GlobalSection(ProjectConfigurationPlatforms) = postSolution
		{A48F75C0-677A-4295-B313-61137B8E4223}.Debug|Any CPU.ActiveCfg = Debug|Any CPU
		{A48F75C0-677A-4295-B313-61137B8E4223}.Debug|Any CPU.Build.0 = Debug|Any CPU
		{A48F75C0-677A-4295-B313-61137B8E4223}.Release|Any CPU.ActiveCfg = Release|Any CPU
		{A48F75C0-677A-4295-B313-61137B8E4223}.Release|Any CPU.Build.0 = Release|Any CPU
	EndGlobalSection
	GlobalSection(SolutionProperties) = preSolution
		HideSolutionNode = FALSE
	EndGlobalSection
	GlobalSection(ExtensibilityGlobals) = postSolution
		SolutionGuid = {FC478B5A-9569-4EDF-B009-AF1D3A05685F}
	EndGlobalSection
EndGlobal
