
Microsoft Visual Studio Solution File, Format Version 12.00
# Visual Studio Version 17
VisualStudioVersion = 17.7.33711.374
MinimumVisualStudioVersion = 10.0.40219.1
Project("{2150E333-8FDC-42A3-9474-1A3956D46DE8}") = "SQS", "SQS", "{9525DC82-CED7-470A-8F6A-F0418279C730}"
EndProject
Project("{9A19103F-16F7-4668-BE54-9A1E7A4F7556}") = "SqsPublisher", "SQS\SqsPublisher\SqsPublisher.csproj", "{9546A326-EA14-4842-A0DA-7450AD55D225}"
EndProject
Project("{9A19103F-16F7-4668-BE54-9A1E7A4F7556}") = "SqsConsumer", "SQS\SqsConsumer\SqsConsumer.csproj", "{C193BDC9-B1F5-4E4D-B49D-4C6435107528}"
EndProject
Project("{9A19103F-16F7-4668-BE54-9A1E7A4F7556}") = "Customers.Api", "SQS\Customers.Api\Customers.Api.csproj", "{62695A29-0649-47FE-9416-200C5B169260}"
EndProject
Project("{9A19103F-16F7-4668-BE54-9A1E7A4F7556}") = "Customers.Consumer", "SQS\Customers.Consumer\Customers.Consumer.csproj", "{9E7B67F0-E055-4ED0-B7E2-5FAAE1DB679E}"
EndProject
Project("{2150E333-8FDC-42A3-9474-1A3956D46DE8}") = "SNS", "SNS", "{4CB898EF-206D-45F1-998F-ED7E42206161}"
EndProject
Project("{9A19103F-16F7-4668-BE54-9A1E7A4F7556}") = "SnsPublisher", "SNS\SnsPublisher\SnsPublisher.csproj", "{9050930C-5111-4A02-8315-5CDBD9C2B5AB}"
EndProject
Project("{9A19103F-16F7-4668-BE54-9A1E7A4F7556}") = "SnsConsumer", "SNS\SnsConsumer\SnsConsumer.csproj", "{45A1D214-B3B4-441C-9E15-3A6E26491162}"
EndProject
Project("{9A19103F-16F7-4668-BE54-9A1E7A4F7556}") = "Customers.Api", "SNS\Customers.Api\Customers.Api.csproj", "{FD4BEEB1-8BFA-4477-B37F-490C714D5363}"
EndProject
Project("{2150E333-8FDC-42A3-9474-1A3956D46DE8}") = "DynamoDb", "DynamoDb", "{0FCF89D3-6B7A-4318-ADA9-03E2CFC4D057}"
EndProject
Project("{9A19103F-16F7-4668-BE54-9A1E7A4F7556}") = "Customers.Api", "DynamoDb\Customers.Api\Customers.Api.csproj", "{12219834-7313-4BFC-B1AC-A1EDD727D504}"
EndProject
Project("{9A19103F-16F7-4668-BE54-9A1E7A4F7556}") = "Movies.Api", "DynamoDb\Movies.Api\Movies.Api.csproj", "{585696BA-6750-43BB-BB72-06F385ADE4ED}"
EndProject
Project("{2150E333-8FDC-42A3-9474-1A3956D46DE8}") = "S3", "S3", "{055AFFFF-1DDE-4E94-90CA-6FFF8CEEF1E1}"
EndProject
Project("{9A19103F-16F7-4668-BE54-9A1E7A4F7556}") = "Customers.Api", "S3\Customers.Api\Customers.Api.csproj", "{9B6E8D8B-A066-4974-B597-C8738C660FEC}"
EndProject
Project("{9A19103F-16F7-4668-BE54-9A1E7A4F7556}") = "S3Playground", "S3\S3Playground\S3Playground.csproj", "{D0FDBC09-F6CC-4530-85C3-15F97C995463}"
EndProject
Global
	GlobalSection(SolutionConfigurationPlatforms) = preSolution
		Debug|Any CPU = Debug|Any CPU
		Release|Any CPU = Release|Any CPU
	EndGlobalSection
	GlobalSection(ProjectConfigurationPlatforms) = postSolution
		{9546A326-EA14-4842-A0DA-7450AD55D225}.Debug|Any CPU.ActiveCfg = Debug|Any CPU
		{9546A326-EA14-4842-A0DA-7450AD55D225}.Debug|Any CPU.Build.0 = Debug|Any CPU
		{9546A326-EA14-4842-A0DA-7450AD55D225}.Release|Any CPU.ActiveCfg = Release|Any CPU
		{9546A326-EA14-4842-A0DA-7450AD55D225}.Release|Any CPU.Build.0 = Release|Any CPU
		{C193BDC9-B1F5-4E4D-B49D-4C6435107528}.Debug|Any CPU.ActiveCfg = Debug|Any CPU
		{C193BDC9-B1F5-4E4D-B49D-4C6435107528}.Debug|Any CPU.Build.0 = Debug|Any CPU
		{C193BDC9-B1F5-4E4D-B49D-4C6435107528}.Release|Any CPU.ActiveCfg = Release|Any CPU
		{C193BDC9-B1F5-4E4D-B49D-4C6435107528}.Release|Any CPU.Build.0 = Release|Any CPU
		{62695A29-0649-47FE-9416-200C5B169260}.Debug|Any CPU.ActiveCfg = Debug|Any CPU
		{62695A29-0649-47FE-9416-200C5B169260}.Debug|Any CPU.Build.0 = Debug|Any CPU
		{62695A29-0649-47FE-9416-200C5B169260}.Release|Any CPU.ActiveCfg = Release|Any CPU
		{62695A29-0649-47FE-9416-200C5B169260}.Release|Any CPU.Build.0 = Release|Any CPU
		{9E7B67F0-E055-4ED0-B7E2-5FAAE1DB679E}.Debug|Any CPU.ActiveCfg = Debug|Any CPU
		{9E7B67F0-E055-4ED0-B7E2-5FAAE1DB679E}.Debug|Any CPU.Build.0 = Debug|Any CPU
		{9E7B67F0-E055-4ED0-B7E2-5FAAE1DB679E}.Release|Any CPU.ActiveCfg = Release|Any CPU
		{9E7B67F0-E055-4ED0-B7E2-5FAAE1DB679E}.Release|Any CPU.Build.0 = Release|Any CPU
		{9050930C-5111-4A02-8315-5CDBD9C2B5AB}.Debug|Any CPU.ActiveCfg = Debug|Any CPU
		{9050930C-5111-4A02-8315-5CDBD9C2B5AB}.Debug|Any CPU.Build.0 = Debug|Any CPU
		{9050930C-5111-4A02-8315-5CDBD9C2B5AB}.Release|Any CPU.ActiveCfg = Release|Any CPU
		{9050930C-5111-4A02-8315-5CDBD9C2B5AB}.Release|Any CPU.Build.0 = Release|Any CPU
		{45A1D214-B3B4-441C-9E15-3A6E26491162}.Debug|Any CPU.ActiveCfg = Debug|Any CPU
		{45A1D214-B3B4-441C-9E15-3A6E26491162}.Debug|Any CPU.Build.0 = Debug|Any CPU
		{45A1D214-B3B4-441C-9E15-3A6E26491162}.Release|Any CPU.ActiveCfg = Release|Any CPU
		{45A1D214-B3B4-441C-9E15-3A6E26491162}.Release|Any CPU.Build.0 = Release|Any CPU
		{FD4BEEB1-8BFA-4477-B37F-490C714D5363}.Debug|Any CPU.ActiveCfg = Debug|Any CPU
		{FD4BEEB1-8BFA-4477-B37F-490C714D5363}.Debug|Any CPU.Build.0 = Debug|Any CPU
		{FD4BEEB1-8BFA-4477-B37F-490C714D5363}.Release|Any CPU.ActiveCfg = Release|Any CPU
		{FD4BEEB1-8BFA-4477-B37F-490C714D5363}.Release|Any CPU.Build.0 = Release|Any CPU
		{12219834-7313-4BFC-B1AC-A1EDD727D504}.Debug|Any CPU.ActiveCfg = Debug|Any CPU
		{12219834-7313-4BFC-B1AC-A1EDD727D504}.Debug|Any CPU.Build.0 = Debug|Any CPU
		{12219834-7313-4BFC-B1AC-A1EDD727D504}.Release|Any CPU.ActiveCfg = Release|Any CPU
		{12219834-7313-4BFC-B1AC-A1EDD727D504}.Release|Any CPU.Build.0 = Release|Any CPU
		{585696BA-6750-43BB-BB72-06F385ADE4ED}.Debug|Any CPU.ActiveCfg = Debug|Any CPU
		{585696BA-6750-43BB-BB72-06F385ADE4ED}.Debug|Any CPU.Build.0 = Debug|Any CPU
		{585696BA-6750-43BB-BB72-06F385ADE4ED}.Release|Any CPU.ActiveCfg = Release|Any CPU
		{585696BA-6750-43BB-BB72-06F385ADE4ED}.Release|Any CPU.Build.0 = Release|Any CPU
		{9B6E8D8B-A066-4974-B597-C8738C660FEC}.Debug|Any CPU.ActiveCfg = Debug|Any CPU
		{9B6E8D8B-A066-4974-B597-C8738C660FEC}.Debug|Any CPU.Build.0 = Debug|Any CPU
		{9B6E8D8B-A066-4974-B597-C8738C660FEC}.Release|Any CPU.ActiveCfg = Release|Any CPU
		{9B6E8D8B-A066-4974-B597-C8738C660FEC}.Release|Any CPU.Build.0 = Release|Any CPU
		{D0FDBC09-F6CC-4530-85C3-15F97C995463}.Debug|Any CPU.ActiveCfg = Debug|Any CPU
		{D0FDBC09-F6CC-4530-85C3-15F97C995463}.Debug|Any CPU.Build.0 = Debug|Any CPU
		{D0FDBC09-F6CC-4530-85C3-15F97C995463}.Release|Any CPU.ActiveCfg = Release|Any CPU
		{D0FDBC09-F6CC-4530-85C3-15F97C995463}.Release|Any CPU.Build.0 = Release|Any CPU
	EndGlobalSection
	GlobalSection(SolutionProperties) = preSolution
		HideSolutionNode = FALSE
	EndGlobalSection
	GlobalSection(NestedProjects) = preSolution
		{9546A326-EA14-4842-A0DA-7450AD55D225} = {9525DC82-CED7-470A-8F6A-F0418279C730}
		{C193BDC9-B1F5-4E4D-B49D-4C6435107528} = {9525DC82-CED7-470A-8F6A-F0418279C730}
		{62695A29-0649-47FE-9416-200C5B169260} = {9525DC82-CED7-470A-8F6A-F0418279C730}
		{9E7B67F0-E055-4ED0-B7E2-5FAAE1DB679E} = {9525DC82-CED7-470A-8F6A-F0418279C730}
		{9050930C-5111-4A02-8315-5CDBD9C2B5AB} = {4CB898EF-206D-45F1-998F-ED7E42206161}
		{45A1D214-B3B4-441C-9E15-3A6E26491162} = {4CB898EF-206D-45F1-998F-ED7E42206161}
		{FD4BEEB1-8BFA-4477-B37F-490C714D5363} = {4CB898EF-206D-45F1-998F-ED7E42206161}
		{12219834-7313-4BFC-B1AC-A1EDD727D504} = {0FCF89D3-6B7A-4318-ADA9-03E2CFC4D057}
		{585696BA-6750-43BB-BB72-06F385ADE4ED} = {0FCF89D3-6B7A-4318-ADA9-03E2CFC4D057}
		{9B6E8D8B-A066-4974-B597-C8738C660FEC} = {055AFFFF-1DDE-4E94-90CA-6FFF8CEEF1E1}
		{D0FDBC09-F6CC-4530-85C3-15F97C995463} = {055AFFFF-1DDE-4E94-90CA-6FFF8CEEF1E1}
	EndGlobalSection
	GlobalSection(ExtensibilityGlobals) = postSolution
		SolutionGuid = {573ACC69-3492-4380-B05F-F1E853C202F7}
	EndGlobalSection
EndGlobal
